
Microsoft Visual Studio Solution File, Format Version 12.00
# Visual C++ Express 2010
Project("{8BC9CEB8-8B4A-11D0-8D11-00A0C91BC942}") = "backupaw", "backupaw.vcxproj", "{8BFFA064-B7C3-4E61-8DC5-7107A2776A9A}"
EndProject
Global
	GlobalSection(SolutionConfigurationPlatforms) = preSolution
		Debug_sdk101|Win32 = Debug_sdk101|Win32
		Debug_sdk101|x64 = Debug_sdk101|x64
		Debug_VP|Win32 = Debug_VP|Win32
		Debug_VP|x64 = Debug_VP|x64
		Release_sdk101|Win32 = Release_sdk101|Win32
		Release_sdk101|x64 = Release_sdk101|x64
		Release_sdk41|Win32 = Release_sdk41|Win32
		Release_sdk41|x64 = Release_sdk41|x64
		Release_VP|Win32 = Release_VP|Win32
		Release_VP|x64 = Release_VP|x64
	EndGlobalSection
	GlobalSection(ProjectConfigurationPlatforms) = postSolution
		{8BFFA064-B7C3-4E61-8DC5-7107A2776A9A}.Debug_sdk101|Win32.ActiveCfg = Debug_sdk101|Win32
		{8BFFA064-B7C3-4E61-8DC5-7107A2776A9A}.Debug_sdk101|Win32.Build.0 = Debug_sdk101|Win32
		{8BFFA064-B7C3-4E61-8DC5-7107A2776A9A}.Debug_sdk101|x64.ActiveCfg = Debug_sdk101|Win32
		{8BFFA064-B7C3-4E61-8DC5-7107A2776A9A}.Debug_VP|Win32.ActiveCfg = Debug_VP|Win32
		{8BFFA064-B7C3-4E61-8DC5-7107A2776A9A}.Debug_VP|Win32.Build.0 = Debug_VP|Win32
		{8BFFA064-B7C3-4E61-8DC5-7107A2776A9A}.Debug_VP|x64.ActiveCfg = Debug_VP|Win32
		{8BFFA064-B7C3-4E61-8DC5-7107A2776A9A}.Release_sdk101|Win32.ActiveCfg = Release_sdk101|Win32
		{8BFFA064-B7C3-4E61-8DC5-7107A2776A9A}.Release_sdk101|Win32.Build.0 = Release_sdk101|Win32
		{8BFFA064-B7C3-4E61-8DC5-7107A2776A9A}.Release_sdk101|x64.ActiveCfg = Release_sdk101|Win32
		{8BFFA064-B7C3-4E61-8DC5-7107A2776A9A}.Release_sdk41|Win32.ActiveCfg = Release_sdk41|Win32
		{8BFFA064-B7C3-4E61-8DC5-7107A2776A9A}.Release_sdk41|Win32.Build.0 = Release_sdk41|Win32
		{8BFFA064-B7C3-4E61-8DC5-7107A2776A9A}.Release_sdk41|x64.ActiveCfg = Release_sdk41|Win32
		{8BFFA064-B7C3-4E61-8DC5-7107A2776A9A}.Release_VP|Win32.ActiveCfg = Release_VP|Win32
		{8BFFA064-B7C3-4E61-8DC5-7107A2776A9A}.Release_VP|Win32.Build.0 = Release_VP|Win32
		{8BFFA064-B7C3-4E61-8DC5-7107A2776A9A}.Release_VP|x64.ActiveCfg = Release_VP|Win32
	EndGlobalSection
	GlobalSection(SolutionProperties) = preSolution
		HideSolutionNode = FALSE
	EndGlobalSection
EndGlobal
